# Generated by pub
# See https://dart.dev/tools/pub/glossary#lockfile
packages:
  archive:
    dependency: "direct main"
    description:
      name: archive
      sha256: ed7cc591a948744994714375caf9a2ce89e1d82e8243997c8a2994d57181c212
      url: "https://pub.dev"
    source: hosted
    version: "3.3.5"
  args:
    dependency: transitive
    description:
      name: args
      sha256: "139d809800a412ebb26a3892da228b2d0ba36f0ef5d9a82166e5e52ec8d61611"
      url: "https://pub.dev"
    source: hosted
    version: "2.3.2"
  async:
    dependency: transitive
    description:
      name: async
      sha256: "947bfcf187f74dbc5e146c9eb9c0f10c9f8b30743e341481c1e2ed3ecc18c20c"
      url: "https://pub.dev"
    source: hosted
    version: "2.11.0"
  audioplayers:
    dependency: "direct main"
    description:
      name: audioplayers
      sha256: "61583554386721772f9309f509e17712865b38565a903c761f96b1115a979282"
      url: "https://pub.dev"
    source: hosted
    version: "4.1.0"
  audioplayers_android:
    dependency: transitive
    description:
      name: audioplayers_android
      sha256: dbdc9b7f2aa2440314c638aa55aadd45c7705e8340d5eddf2e3fb8da32d4ae2c
      url: "https://pub.dev"
    source: hosted
    version: "3.0.2"
  audioplayers_darwin:
    dependency: transitive
    description:
      name: audioplayers_darwin
      sha256: "6aea96df1d12f7ad5a71d88c6d1b22a216211a9564219920124c16768e456e9d"
      url: "https://pub.dev"
    source: hosted
    version: "4.1.0"
  audioplayers_linux:
    dependency: transitive
    description:
      name: audioplayers_linux
      sha256: "396b62ac62c92dd26c3bc5106583747f57a8b325ebd2b41e5576f840cfc61338"
      url: "https://pub.dev"
    source: hosted
    version: "2.1.0"
  audioplayers_platform_interface:
    dependency: transitive
    description:
      name: audioplayers_platform_interface
      sha256: f7daaed4659143094151ecf6bacd927d29ab8acffba98c110c59f0b81ae51143
      url: "https://pub.dev"
    source: hosted
    version: "5.0.1"
  audioplayers_web:
    dependency: transitive
    description:
      name: audioplayers_web
      sha256: ec84fd46eed1577148ed4113f5998a36a18da4fce7170c37ce3e21b631393339
      url: "https://pub.dev"
    source: hosted
    version: "3.1.0"
  audioplayers_windows:
    dependency: transitive
    description:
      name: audioplayers_windows
      sha256: "1d3aaac98a192b8488167711ba1e67d8b96333e8d0572ede4e2912e5bbce69a3"
      url: "https://pub.dev"
    source: hosted
    version: "2.0.2"
  boolean_selector:
    dependency: transitive
    description:
      name: boolean_selector
      sha256: "6cfb5af12253eaf2b368f07bacc5a80d1301a071c73360d746b7f2e32d762c66"
      url: "https://pub.dev"
    source: hosted
    version: "2.1.1"
  cached_network_image:
    dependency: "direct main"
    description:
      name: cached_network_image
      sha256: fd3d0dc1d451f9a252b32d95d3f0c3c487bc41a75eba2e6097cb0b9c71491b15
      url: "https://pub.dev"
    source: hosted
    version: "3.2.3"
  cached_network_image_platform_interface:
    dependency: transitive
    description:
      name: cached_network_image_platform_interface
      sha256: bb2b8403b4ccdc60ef5f25c70dead1f3d32d24b9d6117cfc087f496b178594a7
      url: "https://pub.dev"
    source: hosted
    version: "2.0.0"
  cached_network_image_web:
    dependency: transitive
    description:
      name: cached_network_image_web
      sha256: b8eb814ebfcb4dea049680f8c1ffb2df399e4d03bf7a352c775e26fa06e02fa0
      url: "https://pub.dev"
    source: hosted
    version: "1.0.2"
  carousel_slider:
    dependency: "direct main"
    description:
      name: carousel_slider
      sha256: "9c695cc963bf1d04a47bd6021f68befce8970bcd61d24938e1fb0918cf5d9c42"
      url: "https://pub.dev"
    source: hosted
    version: "4.2.1"
  characters:
    dependency: transitive
    description:
      name: characters
      sha256: "04a925763edad70e8443c99234dc3328f442e811f1d8fd1a72f1c8ad0f69a605"
      url: "https://pub.dev"
    source: hosted
    version: "1.3.0"
  checked_yaml:
    dependency: transitive
    description:
      name: checked_yaml
      sha256: feb6bed21949061731a7a75fc5d2aa727cf160b91af9a3e464c5e3a32e28b5ff
      url: "https://pub.dev"
    source: hosted
    version: "2.0.3"
  cli_util:
    dependency: transitive
    description:
      name: cli_util
      sha256: b8db3080e59b2503ca9e7922c3df2072cf13992354d5e944074ffa836fba43b7
      url: "https://pub.dev"
    source: hosted
    version: "0.4.0"
  clock:
    dependency: transitive
    description:
      name: clock
      sha256: cb6d7f03e1de671e34607e909a7213e31d7752be4fb66a86d29fe1eb14bfb5cf
      url: "https://pub.dev"
    source: hosted
    version: "1.1.1"
  collection:
    dependency: transitive
    description:
      name: collection
      sha256: f092b211a4319e98e5ff58223576de6c2803db36221657b46c82574721240687
      url: "https://pub.dev"
    source: hosted
    version: "1.17.2"
  convert:
    dependency: transitive
    description:
      name: convert
      sha256: "0f08b14755d163f6e2134cb58222dd25ea2a2ee8a195e53983d57c075324d592"
      url: "https://pub.dev"
    source: hosted
    version: "3.1.1"
  crypto:
    dependency: "direct main"
    description:
      name: crypto
      sha256: ff625774173754681d66daaf4a448684fb04b78f902da9cb3d308c19cc5e8bab
      url: "https://pub.dev"
    source: hosted
    version: "3.0.3"
  cupertino_icons:
    dependency: "direct main"
    description:
      name: cupertino_icons
      sha256: e35129dc44c9118cee2a5603506d823bab99c68393879edb440e0090d07586be
      url: "https://pub.dev"
    source: hosted
    version: "1.0.5"
  dart_discord_rpc:
    dependency: "direct main"
    description:
      path: "."
      ref: HEAD
      resolved-ref: "821b986c73e6e5712ef44993f0b5f3410d186558"
      url: "https://github.com/AlexisL61/dart_discord_rpc.git"
    source: git
    version: "0.0.1"
  dbus:
    dependency: transitive
    description:
      name: dbus
      sha256: "6f07cba3f7b3448d42d015bfd3d53fe12e5b36da2423f23838efc1d5fb31a263"
      url: "https://pub.dev"
    source: hosted
    version: "0.7.8"
  dio:
    dependency: "direct main"
    description:
      name: dio
      sha256: "7d328c4d898a61efc3cd93655a0955858e29a0aa647f0f9e02d59b3bb275e2e8"
      url: "https://pub.dev"
    source: hosted
    version: "4.0.6"
  fake_async:
    dependency: transitive
    description:
      name: fake_async
      sha256: "511392330127add0b769b75a987850d136345d9227c6b94c96a04cf4a391bf78"
      url: "https://pub.dev"
    source: hosted
    version: "1.3.1"
  ffi:
    dependency: transitive
    description:
      name: ffi
      sha256: ed5337a5660c506388a9f012be0288fb38b49020ce2b45fe1f8b8323fe429f99
      url: "https://pub.dev"
    source: hosted
    version: "2.0.2"
  file:
    dependency: transitive
    description:
      name: file
      sha256: "1b92bec4fc2a72f59a8e15af5f52cd441e4a7860b49499d69dfa817af20e925d"
      url: "https://pub.dev"
    source: hosted
    version: "6.1.4"
  file_picker:
    dependency: "direct main"
    description:
      name: file_picker
      sha256: "9d6e95ec73abbd31ec54d0e0df8a961017e165aba1395e462e5b31ea0c165daf"
      url: "https://pub.dev"
    source: hosted
    version: "5.3.1"
  fluent_ui:
    dependency: "direct main"
    description:
      name: fluent_ui
      sha256: b015021e7b19107ebf06277531d48fa40e450a500bad751a330ab5f94c815650
      url: "https://pub.dev"
    source: hosted
    version: "4.7.4"
  flutter:
    dependency: "direct main"
    description: flutter
    source: sdk
    version: "0.0.0"
  flutter_blurhash:
    dependency: "direct main"
    description:
      name: flutter_blurhash
      sha256: "05001537bd3fac7644fa6558b09ec8c0a3f2eba78c0765f88912882b1331a5c6"
      url: "https://pub.dev"
    source: hosted
    version: "0.7.0"
  flutter_cache_manager:
    dependency: transitive
    description:
      name: flutter_cache_manager
      sha256: "32cd900555219333326a2d0653aaaf8671264c29befa65bbd9856d204a4c9fb3"
      url: "https://pub.dev"
    source: hosted
    version: "3.3.0"
  flutter_flavor:
    dependency: "direct main"
    description:
      name: flutter_flavor
      sha256: "7740f2b15598ba67f9306ef41ad462ef92036d7cb7928d9da16908e139a7f618"
      url: "https://pub.dev"
    source: hosted
    version: "3.1.1"
  flutter_launcher_icons:
    dependency: "direct dev"
    description:
      name: flutter_launcher_icons
      sha256: "526faf84284b86a4cb36d20a5e45147747b7563d921373d4ee0559c54fcdbcea"
      url: "https://pub.dev"
    source: hosted
    version: "0.13.1"
  flutter_lints:
    dependency: "direct dev"
    description:
      name: flutter_lints
      sha256: aeb0b80a8b3709709c9cc496cdc027c5b3216796bc0af0ce1007eaf24464fd4c
      url: "https://pub.dev"
    source: hosted
    version: "2.0.1"
  flutter_localizations:
    dependency: "direct main"
    description: flutter
    source: sdk
    version: "0.0.0"
  flutter_markdown:
    dependency: "direct main"
    description:
      name: flutter_markdown
      sha256: "818cf6c28377ba2c91ed283c96fd712e9c175dd2d2488eb7fc93b6afb9ad2e08"
      url: "https://pub.dev"
    source: hosted
    version: "0.6.13+1"
  flutter_plugin_android_lifecycle:
    dependency: transitive
    description:
      name: flutter_plugin_android_lifecycle
      sha256: f185ac890306b5779ecbd611f52502d8d4d63d27703ef73161ca0407e815f02c
      url: "https://pub.dev"
    source: hosted
    version: "2.0.16"
  flutter_staggered_grid_view:
    dependency: "direct main"
    description:
      name: flutter_staggered_grid_view
      sha256: "1312314293acceb65b92754298754801b0e1f26a1845833b740b30415bbbcf07"
      url: "https://pub.dev"
    source: hosted
    version: "0.6.2"
  flutter_test:
    dependency: "direct dev"
    description: flutter
    source: sdk
    version: "0.0.0"
  flutter_web_plugins:
    dependency: transitive
    description: flutter
    source: sdk
    version: "0.0.0"
  font_awesome_flutter:
    dependency: "direct main"
    description:
      name: font_awesome_flutter
      sha256: "959ef4add147753f990b4a7c6cccb746d5792dbdc81b1cde99e62e7edb31b206"
      url: "https://pub.dev"
    source: hosted
    version: "10.4.0"
  http:
    dependency: "direct main"
    description:
      name: http
      sha256: "6aa2946395183537c8b880962d935877325d6a09a2867c3970c05c0fed6ac482"
      url: "https://pub.dev"
    source: hosted
    version: "0.13.5"
  http_methods:
    dependency: transitive
    description:
      name: http_methods
      sha256: "6bccce8f1ec7b5d701e7921dca35e202d425b57e317ba1a37f2638590e29e566"
      url: "https://pub.dev"
    source: hosted
    version: "1.1.1"
  http_parser:
    dependency: transitive
    description:
      name: http_parser
      sha256: "2aa08ce0341cc9b354a498388e30986515406668dbcc4f7c950c3e715496693b"
      url: "https://pub.dev"
    source: hosted
    version: "4.0.2"
  image:
    dependency: transitive
    description:
      name: image
      sha256: a72242c9a0ffb65d03de1b7113bc4e189686fc07c7147b8b41811d0dd0e0d9bf
      url: "https://pub.dev"
    source: hosted
    version: "4.0.17"
  intl:
    dependency: "direct main"
    description:
      name: intl
      sha256: "3bc132a9dbce73a7e4a21a17d06e1878839ffbf975568bc875c60537824b0c4d"
      url: "https://pub.dev"
    source: hosted
    version: "0.18.1"
  js:
    dependency: transitive
    description:
      name: js
      sha256: f2c445dce49627136094980615a031419f7f3eb393237e4ecd97ac15dea343f3
      url: "https://pub.dev"
    source: hosted
    version: "0.6.7"
  json_annotation:
    dependency: transitive
    description:
      name: json_annotation
      sha256: b10a7b2ff83d83c777edba3c6a0f97045ddadd56c944e1a23a3fdf43a1bf4467
      url: "https://pub.dev"
    source: hosted
    version: "4.8.1"
  lints:
    dependency: transitive
    description:
      name: lints
      sha256: "5e4a9cd06d447758280a8ac2405101e0e2094d2a1dbdd3756aec3fe7775ba593"
      url: "https://pub.dev"
    source: hosted
    version: "2.0.1"
  logger:
    dependency: "direct main"
    description:
      name: logger
      sha256: db2ff852ed77090ba9f62d3611e4208a3d11dfa35991a81ae724c113fcb3e3f7
      url: "https://pub.dev"
    source: hosted
    version: "1.3.0"
  lottie:
    dependency: "direct main"
    description:
      name: lottie
      sha256: "49bbc544e44bf0c734ccda29b182e3516a12f5021ea98b206cf31a168b0f97da"
      url: "https://pub.dev"
    source: hosted
    version: "2.2.0"
  markdown:
    dependency: transitive
    description:
      name: markdown
      sha256: c2b81e184067b41d0264d514f7cdaa2c02d38511e39d6521a1ccc238f6d7b3f2
      url: "https://pub.dev"
    source: hosted
    version: "6.0.1"
  matcher:
    dependency: transitive
    description:
      name: matcher
      sha256: "1803e76e6653768d64ed8ff2e1e67bea3ad4b923eb5c56a295c3e634bad5960e"
      url: "https://pub.dev"
    source: hosted
    version: "0.12.16"
  material_color_utilities:
    dependency: transitive
    description:
      name: material_color_utilities
      sha256: "9528f2f296073ff54cb9fee677df673ace1218163c3bc7628093e7eed5203d41"
      url: "https://pub.dev"
    source: hosted
    version: "0.5.0"
  math_expressions:
    dependency: transitive
    description:
      name: math_expressions
      sha256: "3576593617c3870d75728a751f6ec6e606706d44e363f088ac394b5a28a98064"
      url: "https://pub.dev"
    source: hosted
    version: "2.4.0"
  media_kit:
    dependency: "direct main"
    description:
      name: media_kit
      sha256: "3289062540e3b8b9746e5c50d95bd78a9289826b7227e253dff806d002b9e67a"
      url: "https://pub.dev"
    source: hosted
    version: "1.1.10+1"
  media_kit_libs_android_video:
    dependency: transitive
    description:
      name: media_kit_libs_android_video
      sha256: "9dd8012572e4aff47516e55f2597998f0a378e3d588d0fad0ca1f11a53ae090c"
      url: "https://pub.dev"
    source: hosted
    version: "1.3.6"
  media_kit_libs_ios_video:
    dependency: transitive
    description:
      name: media_kit_libs_ios_video
      sha256: b5382994eb37a4564c368386c154ad70ba0cc78dacdd3fb0cd9f30db6d837991
      url: "https://pub.dev"
    source: hosted
    version: "1.1.4"
  media_kit_libs_linux:
    dependency: transitive
    description:
      name: media_kit_libs_linux
      sha256: e186891c31daa6bedab4d74dcdb4e8adfccc7d786bfed6ad81fe24a3b3010310
      url: "https://pub.dev"
    source: hosted
    version: "1.1.3"
  media_kit_libs_macos_video:
    dependency: transitive
    description:
      name: media_kit_libs_macos_video
      sha256: f26aa1452b665df288e360393758f84b911f70ffb3878032e1aabba23aa1032d
      url: "https://pub.dev"
    source: hosted
    version: "1.1.4"
  media_kit_libs_video:
    dependency: "direct main"
    description:
      name: media_kit_libs_video
      sha256: "3688e0c31482074578652bf038ce6301a5d21e1eda6b54fc3117ffeb4bdba067"
      url: "https://pub.dev"
    source: hosted
    version: "1.0.4"
  media_kit_libs_windows_video:
    dependency: transitive
    description:
      name: media_kit_libs_windows_video
      sha256: "7bace5f35d9afcc7f9b5cdadb7541d2191a66bb3fc71bfa11c1395b3360f6122"
      url: "https://pub.dev"
    source: hosted
    version: "1.0.9"
  media_kit_native_event_loop:
    dependency: transitive
    description:
      name: media_kit_native_event_loop
      sha256: a605cf185499d14d58935b8784955a92a4bf0ff4e19a23de3d17a9106303930e
      url: "https://pub.dev"
    source: hosted
    version: "1.0.8"
  media_kit_video:
    dependency: "direct main"
    description:
      name: media_kit_video
      sha256: c048d11a19e379aebbe810647636e3fc6d18374637e2ae12def4ff8a4b99a882
      url: "https://pub.dev"
    source: hosted
    version: "1.2.4"
  meta:
    dependency: transitive
    description:
      name: meta
      sha256: "3c74dbf8763d36539f114c799d8a2d87343b5067e9d796ca22b5eb8437090ee3"
      url: "https://pub.dev"
    source: hosted
    version: "1.9.1"
  octo_image:
    dependency: transitive
    description:
      name: octo_image
      sha256: "107f3ed1330006a3bea63615e81cf637433f5135a52466c7caa0e7152bca9143"
      url: "https://pub.dev"
    source: hosted
    version: "1.0.2"
  package_info_plus:
    dependency: "direct main"
    description:
      name: package_info_plus
      sha256: ceb027f6bc6a60674a233b4a90a7658af1aebdea833da0b5b53c1e9821a78c7b
      url: "https://pub.dev"
    source: hosted
    version: "4.0.2"
  package_info_plus_platform_interface:
    dependency: transitive
    description:
      name: package_info_plus_platform_interface
      sha256: "9bc8ba46813a4cc42c66ab781470711781940780fd8beddd0c3da62506d3a6c6"
      url: "https://pub.dev"
    source: hosted
    version: "2.0.1"
  palette_generator:
    dependency: "direct main"
    description:
      name: palette_generator
      sha256: "0e3cd6974e10b1434dcf4cf779efddb80e2696585e273a2dbede6af52f94568d"
      url: "https://pub.dev"
    source: hosted
    version: "0.3.3+2"
  path:
    dependency: transitive
    description:
      name: path
      sha256: "8829d8a55c13fc0e37127c29fedf290c102f4e40ae94ada574091fe0ff96c917"
      url: "https://pub.dev"
    source: hosted
    version: "1.8.3"
  path_provider:
    dependency: transitive
    description:
      name: path_provider
      sha256: dcea5feb97d8abf90cab9e9030b497fb7c3cbf26b7a1fe9e3ef7dcb0a1ddec95
      url: "https://pub.dev"
    source: hosted
    version: "2.0.12"
  path_provider_android:
    dependency: transitive
    description:
      name: path_provider_android
      sha256: a776c088d671b27f6e3aa8881d64b87b3e80201c64e8869b811325de7a76c15e
      url: "https://pub.dev"
    source: hosted
    version: "2.0.22"
  path_provider_foundation:
    dependency: transitive
    description:
      name: path_provider_foundation
      sha256: "62a68e7e1c6c459f9289859e2fae58290c981ce21d1697faf54910fe1faa4c74"
      url: "https://pub.dev"
    source: hosted
    version: "2.1.1"
  path_provider_linux:
    dependency: transitive
    description:
      name: path_provider_linux
      sha256: ab0987bf95bc591da42dffb38c77398fc43309f0b9b894dcc5d6f40c4b26c379
      url: "https://pub.dev"
    source: hosted
    version: "2.1.7"
  path_provider_platform_interface:
    dependency: transitive
    description:
      name: path_provider_platform_interface
      sha256: f0abc8ebd7253741f05488b4813d936b4d07c6bae3e86148a09e342ee4b08e76
      url: "https://pub.dev"
    source: hosted
    version: "2.0.5"
  path_provider_windows:
    dependency: transitive
    description:
      name: path_provider_windows
      sha256: "1cb68ba4cd3a795033de62ba1b7b4564dace301f952de6bfb3cd91b202b6ee96"
      url: "https://pub.dev"
    source: hosted
    version: "2.1.7"
  pedantic:
    dependency: transitive
    description:
      name: pedantic
      sha256: "67fc27ed9639506c856c840ccce7594d0bdcd91bc8d53d6e52359449a1d50602"
      url: "https://pub.dev"
    source: hosted
    version: "1.11.1"
  petitparser:
    dependency: transitive
    description:
      name: petitparser
      sha256: cb3798bef7fc021ac45b308f4b51208a152792445cce0448c9a4ba5879dd8750
      url: "https://pub.dev"
    source: hosted
    version: "5.4.0"
  platform:
    dependency: transitive
    description:
      name: platform
      sha256: "4a451831508d7d6ca779f7ac6e212b4023dd5a7d08a27a63da33756410e32b76"
      url: "https://pub.dev"
    source: hosted
    version: "3.1.0"
  plugin_platform_interface:
    dependency: transitive
    description:
      name: plugin_platform_interface
      sha256: "43798d895c929056255600343db8f049921cbec94d31ec87f1dc5c16c01935dd"
      url: "https://pub.dev"
    source: hosted
    version: "2.1.5"
  pointycastle:
    dependency: transitive
    description:
      name: pointycastle
      sha256: db7306cf0249f838d1a24af52b5a5887c5bf7f31d8bb4e827d071dc0939ad346
      url: "https://pub.dev"
    source: hosted
    version: "3.6.2"
  process:
    dependency: transitive
    description:
      name: process
      sha256: "53fd8db9cec1d37b0574e12f07520d582019cb6c44abf5479a01505099a34a09"
      url: "https://pub.dev"
    source: hosted
    version: "4.2.4"
  recase:
    dependency: transitive
    description:
      name: recase
      sha256: e4eb4ec2dcdee52dcf99cb4ceabaffc631d7424ee55e56f280bc039737f89213
      url: "https://pub.dev"
    source: hosted
    version: "4.1.0"
  rxdart:
    dependency: transitive
    description:
      name: rxdart
      sha256: "0c7c0cedd93788d996e33041ffecda924cc54389199cde4e6a34b440f50044cb"
      url: "https://pub.dev"
    source: hosted
    version: "0.27.7"
  safe_local_storage:
    dependency: transitive
    description:
      name: safe_local_storage
      sha256: ede4eb6cb7d88a116b3d3bf1df70790b9e2038bc37cb19112e381217c74d9440
      url: "https://pub.dev"
    source: hosted
    version: "1.0.2"
  screen_brightness:
    dependency: transitive
    description:
      name: screen_brightness
      sha256: "62fd61a64e68b32b98b840bad7d8b6822bbc40e63c2b569a5f85528484c86b41"
      url: "https://pub.dev"
    source: hosted
    version: "0.2.2"
  screen_brightness_android:
    dependency: transitive
    description:
      name: screen_brightness_android
      sha256: "3df10961e3a9e968a5e076fe27e7f4741fa8a1d3950bdeb48cf121ed529d0caf"
      url: "https://pub.dev"
    source: hosted
    version: "0.1.0+2"
  screen_brightness_ios:
    dependency: transitive
    description:
      name: screen_brightness_ios
      sha256: "99adc3ca5490b8294284aad5fcc87f061ad685050e03cf45d3d018fe398fd9a2"
      url: "https://pub.dev"
    source: hosted
    version: "0.1.0"
  screen_brightness_macos:
    dependency: transitive
    description:
      name: screen_brightness_macos
      sha256: "64b34e7e3f4900d7687c8e8fb514246845a73ecec05ab53483ed025bd4a899fd"
      url: "https://pub.dev"
    source: hosted
    version: "0.1.0+1"
  screen_brightness_platform_interface:
    dependency: transitive
    description:
      name: screen_brightness_platform_interface
      sha256: b211d07f0c96637a15fb06f6168617e18030d5d74ad03795dd8547a52717c171
      url: "https://pub.dev"
    source: hosted
    version: "0.1.0"
  screen_brightness_windows:
    dependency: transitive
    description:
      name: screen_brightness_windows
      sha256: "80d90ecdc63fc0823f2ecb1be323471619287937e14210650d7b25ca181abd05"
      url: "https://pub.dev"
    source: hosted
    version: "0.1.1"
  screen_retriever:
    dependency: transitive
    description:
      name: screen_retriever
      sha256: "4931f226ca158123ccd765325e9fbf360bfed0af9b460a10f960f9bb13d58323"
      url: "https://pub.dev"
    source: hosted
    version: "0.1.6"
  scroll_pos:
    dependency: transitive
    description:
      name: scroll_pos
      sha256: "4246bff3afc779d87cdf650a67d42d67ae71b23ff020d14592e6b89e28a7f9cc"
      url: "https://pub.dev"
    source: hosted
    version: "0.4.0"
  shared_preferences:
    dependency: "direct main"
    description:
      name: shared_preferences
      sha256: "858aaa72d8f61637d64e776aca82e1c67e6d9ee07979123c5d17115031c1b13b"
      url: "https://pub.dev"
    source: hosted
    version: "2.1.0"
  shared_preferences_android:
    dependency: transitive
    description:
      name: shared_preferences_android
      sha256: "8304d8a1f7d21a429f91dee552792249362b68a331ac5c3c1caf370f658873f6"
      url: "https://pub.dev"
    source: hosted
    version: "2.1.0"
  shared_preferences_foundation:
    dependency: transitive
    description:
      name: shared_preferences_foundation
      sha256: cf2a42fb20148502022861f71698db12d937c7459345a1bdaa88fc91a91b3603
      url: "https://pub.dev"
    source: hosted
    version: "2.2.0"
  shared_preferences_linux:
    dependency: transitive
    description:
      name: shared_preferences_linux
      sha256: "9d387433ca65717bbf1be88f4d5bb18f10508917a8fa2fb02e0fd0d7479a9afa"
      url: "https://pub.dev"
    source: hosted
    version: "2.2.0"
  shared_preferences_platform_interface:
    dependency: transitive
    description:
      name: shared_preferences_platform_interface
      sha256: fb5cf25c0235df2d0640ac1b1174f6466bd311f621574997ac59018a6664548d
      url: "https://pub.dev"
    source: hosted
    version: "2.2.0"
  shared_preferences_web:
    dependency: transitive
    description:
      name: shared_preferences_web
      sha256: "74083203a8eae241e0de4a0d597dbedab3b8fef5563f33cf3c12d7e93c655ca5"
      url: "https://pub.dev"
    source: hosted
    version: "2.1.0"
  shared_preferences_windows:
    dependency: transitive
    description:
      name: shared_preferences_windows
      sha256: "5e588e2efef56916a3b229c3bfe81e6a525665a454519ca51dbcc4236a274173"
      url: "https://pub.dev"
    source: hosted
    version: "2.2.0"
  shelf:
    dependency: "direct main"
    description:
      name: shelf
      sha256: ad29c505aee705f41a4d8963641f91ac4cee3c8fad5947e033390a7bd8180fa4
      url: "https://pub.dev"
    source: hosted
    version: "1.4.1"
  shelf_router:
    dependency: "direct main"
    description:
      name: shelf_router
      sha256: f5e5d492440a7fb165fe1e2e1a623f31f734d3370900070b2b1e0d0428d59864
      url: "https://pub.dev"
    source: hosted
    version: "1.1.4"
  shelf_web_socket:
    dependency: "direct main"
    description:
      name: shelf_web_socket
      sha256: "9ca081be41c60190ebcb4766b2486a7d50261db7bd0f5d9615f2d653637a84c1"
      url: "https://pub.dev"
    source: hosted
    version: "1.0.4"
  sky_engine:
    dependency: transitive
    description: flutter
    source: sdk
    version: "0.0.99"
  source_span:
    dependency: transitive
    description:
      name: source_span
      sha256: "53e943d4206a5e30df338fd4c6e7a077e02254531b138a15aec3bd143c1a8b3c"
      url: "https://pub.dev"
    source: hosted
    version: "1.10.0"
  sqflite:
    dependency: transitive
    description:
      name: sqflite
      sha256: "78324387dc81df14f78df06019175a86a2ee0437624166c382e145d0a7fd9a4f"
      url: "https://pub.dev"
    source: hosted
    version: "2.2.4+1"
  sqflite_common:
    dependency: transitive
    description:
      name: sqflite_common
      sha256: bfd6973aaeeb93475bc0d875ac9aefddf7965ef22ce09790eb963992ffc5183f
      url: "https://pub.dev"
    source: hosted
    version: "2.4.2+2"
  stack_trace:
    dependency: transitive
    description:
      name: stack_trace
      sha256: c3c7d8edb15bee7f0f74debd4b9c5f3c2ea86766fe4178eb2a18eb30a0bdaed5
      url: "https://pub.dev"
    source: hosted
    version: "1.11.0"
  stream_channel:
    dependency: transitive
    description:
      name: stream_channel
      sha256: "83615bee9045c1d322bbbd1ba209b7a749c2cbcdcb3fdd1df8eb488b3279c1c8"
      url: "https://pub.dev"
    source: hosted
    version: "2.1.1"
  string_scanner:
    dependency: transitive
    description:
      name: string_scanner
      sha256: "556692adab6cfa87322a115640c11f13cb77b3f076ddcc5d6ae3c20242bedcde"
      url: "https://pub.dev"
    source: hosted
    version: "1.2.0"
  synchronized:
    dependency: transitive
    description:
      name: synchronized
      sha256: "5fcbd27688af6082f5abd611af56ee575342c30e87541d0245f7ff99faa02c60"
      url: "https://pub.dev"
    source: hosted
    version: "3.1.0"
  term_glyph:
    dependency: transitive
    description:
      name: term_glyph
      sha256: a29248a84fbb7c79282b40b8c72a1209db169a2e0542bce341da992fe1bc7e84
      url: "https://pub.dev"
    source: hosted
    version: "1.2.1"
  test_api:
    dependency: transitive
    description:
      name: test_api
      sha256: "75760ffd7786fffdfb9597c35c5b27eaeec82be8edfb6d71d32651128ed7aab8"
      url: "https://pub.dev"
    source: hosted
    version: "0.6.0"
  timeline_tile:
    dependency: "direct main"
    description:
      name: timeline_tile
      sha256: "85ec2023c67137397c2812e3e848b2fb20b410b67cd9aff304bb5480c376fc0c"
      url: "https://pub.dev"
    source: hosted
    version: "2.0.0"
  typed_data:
    dependency: transitive
    description:
      name: typed_data
      sha256: "26f87ade979c47a150c9eaab93ccd2bebe70a27dc0b4b29517f2904f04eb11a5"
      url: "https://pub.dev"
    source: hosted
    version: "1.3.1"
  universal_platform:
    dependency: transitive
    description:
      name: universal_platform
      sha256: d315be0f6641898b280ffa34e2ddb14f3d12b1a37882557869646e0cc363d0cc
      url: "https://pub.dev"
    source: hosted
    version: "1.0.0+1"
  uri_parser:
    dependency: transitive
    description:
      name: uri_parser
      sha256: "6543c9fd86d2862fac55d800a43e67c0dcd1a41677cb69c2f8edfe73bbcf1835"
      url: "https://pub.dev"
    source: hosted
    version: "2.0.2"
  url_launcher:
    dependency: "direct main"
    description:
      name: url_launcher
      sha256: e8f2efc804810c0f2f5b485f49e7942179f56eabcfe81dce3387fec4bb55876b
      url: "https://pub.dev"
    source: hosted
    version: "6.1.9"
  url_launcher_android:
    dependency: transitive
    description:
      name: url_launcher_android
      sha256: "3e2f6dfd2c7d9cd123296cab8ef66cfc2c1a13f5845f42c7a0f365690a8a7dd1"
      url: "https://pub.dev"
    source: hosted
    version: "6.0.23"
  url_launcher_ios:
    dependency: transitive
    description:
      name: url_launcher_ios
      sha256: "0a5af0aefdd8cf820dd739886efb1637f1f24489900204f50984634c07a54815"
      url: "https://pub.dev"
    source: hosted
    version: "6.1.0"
  url_launcher_linux:
    dependency: transitive
    description:
      name: url_launcher_linux
      sha256: "318c42cba924e18180c029be69caf0a1a710191b9ec49bb42b5998fdcccee3cc"
      url: "https://pub.dev"
    source: hosted
    version: "3.0.2"
  url_launcher_macos:
    dependency: transitive
    description:
      name: url_launcher_macos
      sha256: "41988b55570df53b3dd2a7fc90c76756a963de6a8c5f8e113330cb35992e2094"
      url: "https://pub.dev"
    source: hosted
    version: "3.0.2"
  url_launcher_platform_interface:
    dependency: transitive
    description:
      name: url_launcher_platform_interface
      sha256: "4eae912628763eb48fc214522e58e942fd16ce195407dbf45638239523c759a6"
      url: "https://pub.dev"
    source: hosted
    version: "2.1.1"
  url_launcher_web:
    dependency: transitive
    description:
      name: url_launcher_web
      sha256: "44d79408ce9f07052095ef1f9a693c258d6373dc3944249374e30eff7219ccb0"
      url: "https://pub.dev"
    source: hosted
    version: "2.0.14"
  url_launcher_windows:
    dependency: transitive
    description:
      name: url_launcher_windows
      sha256: b6217370f8eb1fd85c8890c539f5a639a01ab209a36db82c921ebeacefc7a615
      url: "https://pub.dev"
    source: hosted
    version: "3.0.3"
  uuid:
    dependency: transitive
    description:
      name: uuid
      sha256: "648e103079f7c64a36dc7d39369cabb358d377078a051d6ae2ad3aa539519313"
      url: "https://pub.dev"
    source: hosted
    version: "3.0.7"
  vector_math:
    dependency: transitive
    description:
      name: vector_math
      sha256: "80b3257d1492ce4d091729e3a67a60407d227c27241d6927be0130c98e741803"
      url: "https://pub.dev"
    source: hosted
    version: "2.1.4"
  volume_controller:
    dependency: transitive
    description:
      name: volume_controller
      sha256: "189bdc7a554f476b412e4c8b2f474562b09d74bc458c23667356bce3ca1d48c9"
      url: "https://pub.dev"
    source: hosted
    version: "2.0.7"
  wakelock_plus:
    dependency: transitive
    description:
      name: wakelock_plus
      sha256: aac3f3258f01781ec9212df94eecef1eb9ba9350e106728def405baa096ba413
      url: "https://pub.dev"
    source: hosted
    version: "1.1.1"
  wakelock_plus_platform_interface:
    dependency: transitive
    description:
      name: wakelock_plus_platform_interface
      sha256: "40fabed5da06caff0796dc638e1f07ee395fb18801fbff3255a2372db2d80385"
      url: "https://pub.dev"
    source: hosted
    version: "1.1.0"
  web:
    dependency: transitive
    description:
      name: web
      sha256: dc8ccd225a2005c1be616fe02951e2e342092edf968cf0844220383757ef8f10
      url: "https://pub.dev"
    source: hosted
    version: "0.1.4-beta"
  web_socket_channel:
    dependency: transitive
    description:
      name: web_socket_channel
      sha256: d88238e5eac9a42bb43ca4e721edba3c08c6354d4a53063afaa568516217621b
      url: "https://pub.dev"
    source: hosted
    version: "2.4.0"
  win32:
    dependency: transitive
    description:
      name: win32
      sha256: "5a751eddf9db89b3e5f9d50c20ab8612296e4e8db69009788d6c8b060a84191c"
      url: "https://pub.dev"
    source: hosted
    version: "4.1.4"
  win32_registry:
    dependency: "direct main"
    description:
      name: win32_registry
      sha256: "1c52f994bdccb77103a6231ad4ea331a244dbcef5d1f37d8462f713143b0bfae"
      url: "https://pub.dev"
    source: hosted
    version: "1.1.0"
  window_manager:
    dependency: "direct main"
    description:
      name: window_manager
      sha256: "9eef00e393e7f9308309ce9a8b2398c9ee3ca78b50c96e8b4f9873945693ac88"
      url: "https://pub.dev"
    source: hosted
    version: "0.3.5"
  windows_taskbar:
    dependency: "direct main"
    description:
      name: windows_taskbar
      sha256: "22757e6deba5cd8926a2d3e9926c219ce37dfc76836a1fe647de526880d50dc4"
      url: "https://pub.dev"
    source: hosted
    version: "1.1.1"
  xdg_directories:
    dependency: transitive
    description:
      name: xdg_directories
      sha256: bd512f03919aac5f1313eb8249f223bacf4927031bf60b02601f81f687689e86
      url: "https://pub.dev"
    source: hosted
    version: "0.2.0+3"
  xml:
    dependency: transitive
    description:
      name: xml
      sha256: "5bc72e1e45e941d825fd7468b9b4cc3b9327942649aeb6fc5cdbf135f0a86e84"
      url: "https://pub.dev"
    source: hosted
    version: "6.3.0"
  yaml:
    dependency: transitive
    description:
      name: yaml
      sha256: "75769501ea3489fca56601ff33454fe45507ea3bfb014161abc3b43ae25989d5"
      url: "https://pub.dev"
    source: hosted
    version: "3.1.2"
sdks:
  dart: ">=3.1.0-185.0.dev <4.0.0"
  flutter: ">=3.10.0"
